{
  "name": "rewards",
  "version": "1.0.0",
  "lockfileVersion": 3,
  "requires": true,
  "packages": {
    "": {
      "name": "rewards",
      "version": "1.0.0",
      "license": "GPL-3.0-or-later",
      "dependencies": {
        "csv-stringify": "^6.4.5",
        "papaparse": "^5.4.1"
      }
    },
    "node_modules/csv-stringify": {
      "version": "6.4.5",
      "license": "MIT"
    },
    "node_modules/papaparse": {
      "version": "5.4.1",
      "license": "MIT"
    }
  }
}
