{
  "name": "contributions",
  "version": "1.0.0",
  "lockfileVersion": 3,
  "requires": true,
  "packages": {
    "": {
      "name": "contributions",
      "version": "1.0.0",
      "license": "GPL-3.0-or-later",
      "dependencies": {
        "csv-stringify": "^6.4.4"
      }
    },
    "node_modules/csv-stringify": {
      "version": "6.4.4",
      "resolved": "https://registry.npmjs.org/csv-stringify/-/csv-stringify-6.4.4.tgz",
      "integrity": "sha512-NDshLupGa7gp4UG4sSNIqwYJqgSwvds0SvENntxoVoVvTzXcrHvd5gG2MWpbRpSNvk59dlmIe1IwNvSxN4IVmg=="
    }
  }
}
